// !$*UTF8*$!
{
	archiveVersion = 1;
	classes = {
	};
	objectVersion = 55;
	objects = {

/* Begin PBXBuildFile section */
		B220F5D528A17A69005BCB18 /* AppDelegate.swift in Sources */ = {isa = PBXBuildFile; fileRef = B220F5D428A17A69005BCB18 /* AppDelegate.swift */; };
		B220F5D728A17A69005BCB18 /* SceneDelegate.swift in Sources */ = {isa = PBXBuildFile; fileRef = B220F5D628A17A69005BCB18 /* SceneDelegate.swift */; };
		B220F5DC28A17A69005BCB18 /* Main.storyboard in Resources */ = {isa = PBXBuildFile; fileRef = B220F5DA28A17A69005BCB18 /* Main.storyboard */; };
		B220F5DF28A17A6A005BCB18 /* Noted.xcdatamodeld in Sources */ = {isa = PBXBuildFile; fileRef = B220F5DD28A17A69005BCB18 /* Noted.xcdatamodeld */; };
		B220F5E128A17A6A005BCB18 /* Assets.xcassets in Resources */ = {isa = PBXBuildFile; fileRef = B220F5E028A17A6A005BCB18 /* Assets.xcassets */; };
		B220F5E428A17A6A005BCB18 /* LaunchScreen.storyboard in Resources */ = {isa = PBXBuildFile; fileRef = B220F5E228A17A6A005BCB18 /* LaunchScreen.storyboard */; };
		B220F5EF28A17ADA005BCB18 /* ListNote.swift in Sources */ = {isa = PBXBuildFile; fileRef = B220F5EE28A17ADA005BCB18 /* ListNote.swift */; };
		B2491D0428B020BB00618F3E /* EditViewController.swift in Sources */ = {isa = PBXBuildFile; fileRef = B2491D0328B020BB00618F3E /* EditViewController.swift */; };
		B2491D0728B3D0DF00618F3E /* SecretNoteViewController.swift in Sources */ = {isa = PBXBuildFile; fileRef = B2491D0628B3D0DF00618F3E /* SecretNoteViewController.swift */; };
		B2764BD3292D3DBD0008F4C4 /* NoteMO+CoreDataClass.swift in Sources */ = {isa = PBXBuildFile; fileRef = B2764BD1292D3DBD0008F4C4 /* NoteMO+CoreDataClass.swift */; };
		B2764BD4292D3DBD0008F4C4 /* NoteMO+CoreDataProperties.swift in Sources */ = {isa = PBXBuildFile; fileRef = B2764BD2292D3DBD0008F4C4 /* NoteMO+CoreDataProperties.swift */; };
		B2C9997628A2A76300673357 /* MainViewController.swift in Sources */ = {isa = PBXBuildFile; fileRef = B2C9997528A2A76300673357 /* MainViewController.swift */; };
		B2C9997828A2A9CE00673357 /* NoteViewModel.swift in Sources */ = {isa = PBXBuildFile; fileRef = B2C9997728A2A9CE00673357 /* NoteViewModel.swift */; };
		B2C9997C28A2AA5D00673357 /* CreateViewController.swift in Sources */ = {isa = PBXBuildFile; fileRef = B2C9997B28A2AA5D00673357 /* CreateViewController.swift */; };
		B2C9998228A2AB3000673357 /* TableViewCell.swift in Sources */ = {isa = PBXBuildFile; fileRef = B2C9998128A2AB3000673357 /* TableViewCell.swift */; };
		B2C9998D28A2EDF200673357 /* Repository.swift in Sources */ = {isa = PBXBuildFile; fileRef = B2C9998C28A2EDF200673357 /* Repository.swift */; };
		B2C9999F28AAA77100673357 /* DetailViewController.swift in Sources */ = {isa = PBXBuildFile; fileRef = B2C9999E28AAA77100673357 /* DetailViewController.swift */; };
		B2C999A128AADABF00673357 /* Storyboardable.swift in Sources */ = {isa = PBXBuildFile; fileRef = B2C999A028AADABF00673357 /* Storyboardable.swift */; };
		B2D7A3AC28B3E4F4000E37F2 /* Colors.swift in Sources */ = {isa = PBXBuildFile; fileRef = B2D7A3AB28B3E4F4000E37F2 /* Colors.swift */; };
		B2D7A3D028B92992000E37F2 /* EditSecretViewController.swift in Sources */ = {isa = PBXBuildFile; fileRef = B2D7A3CF28B92992000E37F2 /* EditSecretViewController.swift */; };
		B2FD40062938337700033924 /* SettingsViewController.swift in Sources */ = {isa = PBXBuildFile; fileRef = B2FD40052938337700033924 /* SettingsViewController.swift */; };
/* End PBXBuildFile section */

/* Begin PBXFileReference section */
		B220F5D128A17A69005BCB18 /* Noted.app */ = {isa = PBXFileReference; explicitFileType = wrapper.application; includeInIndex = 0; path = Noted.app; sourceTree = BUILT_PRODUCTS_DIR; };
		B220F5D428A17A69005BCB18 /* AppDelegate.swift */ = {isa = PBXFileReference; lastKnownFileType = sourcecode.swift; path = AppDelegate.swift; sourceTree = "<group>"; };
		B220F5D628A17A69005BCB18 /* SceneDelegate.swift */ = {isa = PBXFileReference; lastKnownFileType = sourcecode.swift; path = SceneDelegate.swift; sourceTree = "<group>"; };
		B220F5DB28A17A69005BCB18 /* Base */ = {isa = PBXFileReference; lastKnownFileType = file.storyboard; name = Base; path = Base.lproj/Main.storyboard; sourceTree = "<group>"; };
		B220F5DE28A17A6A005BCB18 /* Noted.xcdatamodel */ = {isa = PBXFileReference; lastKnownFileType = wrapper.xcdatamodel; path = Noted.xcdatamodel; sourceTree = "<group>"; };
		B220F5E028A17A6A005BCB18 /* Assets.xcassets */ = {isa = PBXFileReference; lastKnownFileType = folder.assetcatalog; path = Assets.xcassets; sourceTree = "<group>"; };
		B220F5E328A17A6A005BCB18 /* Base */ = {isa = PBXFileReference; lastKnownFileType = file.storyboard; name = Base; path = Base.lproj/LaunchScreen.storyboard; sourceTree = "<group>"; };
		B220F5E528A17A6A005BCB18 /* Info.plist */ = {isa = PBXFileReference; lastKnownFileType = text.plist.xml; path = Info.plist; sourceTree = "<group>"; };
		B220F5EE28A17ADA005BCB18 /* ListNote.swift */ = {isa = PBXFileReference; lastKnownFileType = sourcecode.swift; path = ListNote.swift; sourceTree = "<group>"; };
		B2491D0328B020BB00618F3E /* EditViewController.swift */ = {isa = PBXFileReference; lastKnownFileType = sourcecode.swift; path = EditViewController.swift; sourceTree = "<group>"; };
		B2491D0628B3D0DF00618F3E /* SecretNoteViewController.swift */ = {isa = PBXFileReference; lastKnownFileType = sourcecode.swift; path = SecretNoteViewController.swift; sourceTree = "<group>"; };
		B2764BD1292D3DBD0008F4C4 /* NoteMO+CoreDataClass.swift */ = {isa = PBXFileReference; lastKnownFileType = sourcecode.swift; path = "NoteMO+CoreDataClass.swift"; sourceTree = SOURCE_ROOT; };
		B2764BD2292D3DBD0008F4C4 /* NoteMO+CoreDataProperties.swift */ = {isa = PBXFileReference; lastKnownFileType = sourcecode.swift; path = "NoteMO+CoreDataProperties.swift"; sourceTree = SOURCE_ROOT; };
		B2C9997528A2A76300673357 /* MainViewController.swift */ = {isa = PBXFileReference; lastKnownFileType = sourcecode.swift; path = MainViewController.swift; sourceTree = "<group>"; };
		B2C9997728A2A9CE00673357 /* NoteViewModel.swift */ = {isa = PBXFileReference; lastKnownFileType = sourcecode.swift; path = NoteViewModel.swift; sourceTree = "<group>"; };
		B2C9997B28A2AA5D00673357 /* CreateViewController.swift */ = {isa = PBXFileReference; lastKnownFileType = sourcecode.swift; path = CreateViewController.swift; sourceTree = "<group>"; };
		B2C9998128A2AB3000673357 /* TableViewCell.swift */ = {isa = PBXFileReference; lastKnownFileType = sourcecode.swift; path = TableViewCell.swift; sourceTree = "<group>"; };
		B2C9998C28A2EDF200673357 /* Repository.swift */ = {isa = PBXFileReference; lastKnownFileType = sourcecode.swift; path = Repository.swift; sourceTree = "<group>"; };
		B2C9999E28AAA77100673357 /* DetailViewController.swift */ = {isa = PBXFileReference; lastKnownFileType = sourcecode.swift; path = DetailViewController.swift; sourceTree = "<group>"; };
		B2C999A028AADABF00673357 /* Storyboardable.swift */ = {isa = PBXFileReference; lastKnownFileType = sourcecode.swift; path = Storyboardable.swift; sourceTree = "<group>"; };
		B2D7A3AB28B3E4F4000E37F2 /* Colors.swift */ = {isa = PBXFileReference; lastKnownFileType = sourcecode.swift; path = Colors.swift; sourceTree = "<group>"; };
		B2D7A3CF28B92992000E37F2 /* EditSecretViewController.swift */ = {isa = PBXFileReference; lastKnownFileType = sourcecode.swift; path = EditSecretViewController.swift; sourceTree = "<group>"; };
		B2FD40052938337700033924 /* SettingsViewController.swift */ = {isa = PBXFileReference; lastKnownFileType = sourcecode.swift; path = SettingsViewController.swift; sourceTree = "<group>"; };
/* End PBXFileReference section */

/* Begin PBXFrameworksBuildPhase section */
		B220F5CE28A17A69005BCB18 /* Frameworks */ = {
			isa = PBXFrameworksBuildPhase;
			buildActionMask = 2147483647;
			files = (
			);
			runOnlyForDeploymentPostprocessing = 0;
		};
/* End PBXFrameworksBuildPhase section */

/* Begin PBXGroup section */
		B220F5C828A17A69005BCB18 = {
			isa = PBXGroup;
			children = (
				B220F5D328A17A69005BCB18 /* Noted */,
				B220F5D228A17A69005BCB18 /* Products */,
			);
			sourceTree = "<group>";
		};
		B220F5D228A17A69005BCB18 /* Products */ = {
			isa = PBXGroup;
			children = (
				B220F5D128A17A69005BCB18 /* Noted.app */,
			);
			name = Products;
			sourceTree = "<group>";
		};
		B220F5D328A17A69005BCB18 /* Noted */ = {
			isa = PBXGroup;
			children = (
				B220F5D428A17A69005BCB18 /* AppDelegate.swift */,
				B220F5D628A17A69005BCB18 /* SceneDelegate.swift */,
				B2C9999228A304E100673357 /* NoteRepository */,
				B2C9998428A2D88D00673357 /* Helpers */,
				B220F5EB28A17A72005BCB18 /* Model */,
				B220F5EC28A17A86005BCB18 /* Views */,
				B220F5ED28A17A91005BCB18 /* ViewModel */,
				B220F5E228A17A6A005BCB18 /* LaunchScreen.storyboard */,
				B220F5DA28A17A69005BCB18 /* Main.storyboard */,
				B220F5E028A17A6A005BCB18 /* Assets.xcassets */,
				B220F5E528A17A6A005BCB18 /* Info.plist */,
				B220F5DD28A17A69005BCB18 /* Noted.xcdatamodeld */,
			);
			path = Noted;
			sourceTree = "<group>";
		};
		B220F5EB28A17A72005BCB18 /* Model */ = {
			isa = PBXGroup;
			children = (
				B2C9998B28A2DC6600673357 /* CoreData */,
				B220F5EE28A17ADA005BCB18 /* ListNote.swift */,
			);
			path = Model;
			sourceTree = "<group>";
		};
		B220F5EC28A17A86005BCB18 /* Views */ = {
			isa = PBXGroup;
			children = (
				B2C9997928A2A9E500673357 /* FirstVC */,
				B2C9997A28A2A9FC00673357 /* SecondVC */,
				B2C9999D28AAA61500673357 /* ThirdVC */,
				B2491D0228B00CB800618F3E /* FourthVC */,
				B2FD40072938339500033924 /* FifthVC */,
			);
			path = Views;
			sourceTree = "<group>";
		};
		B220F5ED28A17A91005BCB18 /* ViewModel */ = {
			isa = PBXGroup;
			children = (
				B2C9997728A2A9CE00673357 /* NoteViewModel.swift */,
			);
			path = ViewModel;
			sourceTree = "<group>";
		};
		B2491D0228B00CB800618F3E /* FourthVC */ = {
			isa = PBXGroup;
			children = (
				B2491D0328B020BB00618F3E /* EditViewController.swift */,
				B2D7A3CF28B92992000E37F2 /* EditSecretViewController.swift */,
			);
			path = FourthVC;
			sourceTree = "<group>";
		};
		B2C9997928A2A9E500673357 /* FirstVC */ = {
			isa = PBXGroup;
			children = (
				B2C9997528A2A76300673357 /* MainViewController.swift */,
				B2C9998128A2AB3000673357 /* TableViewCell.swift */,
			);
			path = FirstVC;
			sourceTree = "<group>";
		};
		B2C9997A28A2A9FC00673357 /* SecondVC */ = {
			isa = PBXGroup;
			children = (
				B2C9997B28A2AA5D00673357 /* CreateViewController.swift */,
			);
			path = SecondVC;
			sourceTree = "<group>";
		};
		B2C9998428A2D88D00673357 /* Helpers */ = {
			isa = PBXGroup;
			children = (
				B2C999A028AADABF00673357 /* Storyboardable.swift */,
				B2D7A3AB28B3E4F4000E37F2 /* Colors.swift */,
			);
			path = Helpers;
			sourceTree = "<group>";
		};
		B2C9998B28A2DC6600673357 /* CoreData */ = {
			isa = PBXGroup;
			children = (
				B2764BD1292D3DBD0008F4C4 /* NoteMO+CoreDataClass.swift */,
				B2764BD2292D3DBD0008F4C4 /* NoteMO+CoreDataProperties.swift */,
			);
			path = CoreData;
			sourceTree = "<group>";
		};
		B2C9999228A304E100673357 /* NoteRepository */ = {
			isa = PBXGroup;
			children = (
				B2C9998C28A2EDF200673357 /* Repository.swift */,
			);
			path = NoteRepository;
			sourceTree = "<group>";
		};
		B2C9999D28AAA61500673357 /* ThirdVC */ = {
			isa = PBXGroup;
			children = (
				B2C9999E28AAA77100673357 /* DetailViewController.swift */,
				B2491D0628B3D0DF00618F3E /* SecretNoteViewController.swift */,
			);
			path = ThirdVC;
			sourceTree = "<group>";
		};
		B2FD40072938339500033924 /* FifthVC */ = {
			isa = PBXGroup;
			children = (
				B2FD40052938337700033924 /* SettingsViewController.swift */,
			);
			path = FifthVC;
			sourceTree = "<group>";
		};
/* End PBXGroup section */

/* Begin PBXNativeTarget section */
		B220F5D028A17A69005BCB18 /* Noted */ = {
			isa = PBXNativeTarget;
			buildConfigurationList = B220F5E828A17A6A005BCB18 /* Build configuration list for PBXNativeTarget "Noted" */;
			buildPhases = (
				B220F5CD28A17A69005BCB18 /* Sources */,
				B220F5CE28A17A69005BCB18 /* Frameworks */,
				B220F5CF28A17A69005BCB18 /* Resources */,
			);
			buildRules = (
			);
			dependencies = (
			);
			name = Noted;
			productName = Noted;
			productReference = B220F5D128A17A69005BCB18 /* Noted.app */;
			productType = "com.apple.product-type.application";
		};
/* End PBXNativeTarget section */

/* Begin PBXProject section */
		B220F5C928A17A69005BCB18 /* Project object */ = {
			isa = PBXProject;
			attributes = {
				BuildIndependentTargetsInParallel = 1;
				LastSwiftUpdateCheck = 1340;
				LastUpgradeCheck = 1340;
				TargetAttributes = {
					B220F5D028A17A69005BCB18 = {
						CreatedOnToolsVersion = 13.4.1;
					};
				};
			};
			buildConfigurationList = B220F5CC28A17A69005BCB18 /* Build configuration list for PBXProject "Noted" */;
			compatibilityVersion = "Xcode 13.0";
			developmentRegion = en;
			hasScannedForEncodings = 0;
			knownRegions = (
				en,
				Base,
			);
			mainGroup = B220F5C828A17A69005BCB18;
			productRefGroup = B220F5D228A17A69005BCB18 /* Products */;
			projectDirPath = "";
			projectRoot = "";
			targets = (
				B220F5D028A17A69005BCB18 /* Noted */,
			);
		};
/* End PBXProject section */

/* Begin PBXResourcesBuildPhase section */
		B220F5CF28A17A69005BCB18 /* Resources */ = {
			isa = PBXResourcesBuildPhase;
			buildActionMask = 2147483647;
			files = (
				B220F5E428A17A6A005BCB18 /* LaunchScreen.storyboard in Resources */,
				B220F5E128A17A6A005BCB18 /* Assets.xcassets in Resources */,
				B220F5DC28A17A69005BCB18 /* Main.storyboard in Resources */,
			);
			runOnlyForDeploymentPostprocessing = 0;
		};
/* End PBXResourcesBuildPhase section */

/* Begin PBXSourcesBuildPhase section */
		B220F5CD28A17A69005BCB18 /* Sources */ = {
			isa = PBXSourcesBuildPhase;
			buildActionMask = 2147483647;
			files = (
				B2C9999F28AAA77100673357 /* DetailViewController.swift in Sources */,
				B2C999A128AADABF00673357 /* Storyboardable.swift in Sources */,
				B220F5DF28A17A6A005BCB18 /* Noted.xcdatamodeld in Sources */,
				B2C9997828A2A9CE00673357 /* NoteViewModel.swift in Sources */,
				B2491D0428B020BB00618F3E /* EditViewController.swift in Sources */,
				B2C9998228A2AB3000673357 /* TableViewCell.swift in Sources */,
				B220F5D528A17A69005BCB18 /* AppDelegate.swift in Sources */,
				B2D7A3D028B92992000E37F2 /* EditSecretViewController.swift in Sources */,
				B2764BD4292D3DBD0008F4C4 /* NoteMO+CoreDataProperties.swift in Sources */,
				B2C9997628A2A76300673357 /* MainViewController.swift in Sources */,
				B220F5D728A17A69005BCB18 /* SceneDelegate.swift in Sources */,
				B2764BD3292D3DBD0008F4C4 /* NoteMO+CoreDataClass.swift in Sources */,
				B2D7A3AC28B3E4F4000E37F2 /* Colors.swift in Sources */,
				B2491D0728B3D0DF00618F3E /* SecretNoteViewController.swift in Sources */,
				B220F5EF28A17ADA005BCB18 /* ListNote.swift in Sources */,
				B2C9998D28A2EDF200673357 /* Repository.swift in Sources */,
				B2C9997C28A2AA5D00673357 /* CreateViewController.swift in Sources */,
				B2FD40062938337700033924 /* SettingsViewController.swift in Sources */,
			);
			runOnlyForDeploymentPostprocessing = 0;
		};
/* End PBXSourcesBuildPhase section */

/* Begin PBXVariantGroup section */
		B220F5DA28A17A69005BCB18 /* Main.storyboard */ = {
			isa = PBXVariantGroup;
			children = (
				B220F5DB28A17A69005BCB18 /* Base */,
			);
			name = Main.storyboard;
			sourceTree = "<group>";
		};
		B220F5E228A17A6A005BCB18 /* LaunchScreen.storyboard */ = {
			isa = PBXVariantGroup;
			children = (
				B220F5E328A17A6A005BCB18 /* Base */,
			);
			name = LaunchScreen.storyboard;
			sourceTree = "<group>";
		};
/* End PBXVariantGroup section */

/* Begin XCBuildConfiguration section */
		B220F5E628A17A6A005BCB18 /* Debug */ = {
			isa = XCBuildConfiguration;
			buildSettings = {
				ALWAYS_SEARCH_USER_PATHS = NO;
				CLANG_ANALYZER_NONNULL = YES;
				CLANG_ANALYZER_NUMBER_OBJECT_CONVERSION = YES_AGGRESSIVE;
				CLANG_CXX_LANGUAGE_STANDARD = "gnu++17";
				CLANG_ENABLE_MODULES = YES;
				CLANG_ENABLE_OBJC_ARC = YES;
				CLANG_ENABLE_OBJC_WEAK = YES;
				CLANG_WARN_BLOCK_CAPTURE_AUTORELEASING = YES;
				CLANG_WARN_BOOL_CONVERSION = YES;
				CLANG_WARN_COMMA = YES;
				CLANG_WARN_CONSTANT_CONVERSION = YES;
				CLANG_WARN_DEPRECATED_OBJC_IMPLEMENTATIONS = YES;
				CLANG_WARN_DIRECT_OBJC_ISA_USAGE = YES_ERROR;
				CLANG_WARN_DOCUMENTATION_COMMENTS = YES;
				CLANG_WARN_EMPTY_BODY = YES;
				CLANG_WARN_ENUM_CONVERSION = YES;
				CLANG_WARN_INFINITE_RECURSION = YES;
				CLANG_WARN_INT_CONVERSION = YES;
				CLANG_WARN_NON_LITERAL_NULL_CONVERSION = YES;
				CLANG_WARN_OBJC_IMPLICIT_RETAIN_SELF = YES;
				CLANG_WARN_OBJC_LITERAL_CONVERSION = YES;
				CLANG_WARN_OBJC_ROOT_CLASS = YES_ERROR;
				CLANG_WARN_QUOTED_INCLUDE_IN_FRAMEWORK_HEADER = YES;
				CLANG_WARN_RANGE_LOOP_ANALYSIS = YES;
				CLANG_WARN_STRICT_PROTOTYPES = YES;
				CLANG_WARN_SUSPICIOUS_MOVE = YES;
				CLANG_WARN_UNGUARDED_AVAILABILITY = YES_AGGRESSIVE;
				CLANG_WARN_UNREACHABLE_CODE = YES;
				CLANG_WARN__DUPLICATE_METHOD_MATCH = YES;
				COPY_PHASE_STRIP = NO;
				DEBUG_INFORMATION_FORMAT = dwarf;
				ENABLE_STRICT_OBJC_MSGSEND = YES;
				ENABLE_TESTABILITY = YES;
				GCC_C_LANGUAGE_STANDARD = gnu11;
				GCC_DYNAMIC_NO_PIC = NO;
				GCC_NO_COMMON_BLOCKS = YES;
				GCC_OPTIMIZATION_LEVEL = 0;
				GCC_PREPROCESSOR_DEFINITIONS = (
					"DEBUG=1",
					"$(inherited)",
				);
				GCC_WARN_64_TO_32_BIT_CONVERSION = YES;
				GCC_WARN_ABOUT_RETURN_TYPE = YES_ERROR;
				GCC_WARN_UNDECLARED_SELECTOR = YES;
				GCC_WARN_UNINITIALIZED_AUTOS = YES_AGGRESSIVE;
				GCC_WARN_UNUSED_FUNCTION = YES;
				GCC_WARN_UNUSED_VARIABLE = YES;
				IPHONEOS_DEPLOYMENT_TARGET = 15.5;
				MTL_ENABLE_DEBUG_INFO = INCLUDE_SOURCE;
				MTL_FAST_MATH = YES;
				ONLY_ACTIVE_ARCH = YES;
				SDKROOT = iphoneos;
				SWIFT_ACTIVE_COMPILATION_CONDITIONS = DEBUG;
				SWIFT_OPTIMIZATION_LEVEL = "-Onone";
			};
			name = Debug;
		};
		B220F5E728A17A6A005BCB18 /* Release */ = {
			isa = XCBuildConfiguration;
			buildSettings = {
				ALWAYS_SEARCH_USER_PATHS = NO;
				CLANG_ANALYZER_NONNULL = YES;
				CLANG_ANALYZER_NUMBER_OBJECT_CONVERSION = YES_AGGRESSIVE;
				CLANG_CXX_LANGUAGE_STANDARD = "gnu++17";
				CLANG_ENABLE_MODULES = YES;
				CLANG_ENABLE_OBJC_ARC = YES;
				CLANG_ENABLE_OBJC_WEAK = YES;
				CLANG_WARN_BLOCK_CAPTURE_AUTORELEASING = YES;
				CLANG_WARN_BOOL_CONVERSION = YES;
				CLANG_WARN_COMMA = YES;
				CLANG_WARN_CONSTANT_CONVERSION = YES;
				CLANG_WARN_DEPRECATED_OBJC_IMPLEMENTATIONS = YES;
				CLANG_WARN_DIRECT_OBJC_ISA_USAGE = YES_ERROR;
				CLANG_WARN_DOCUMENTATION_COMMENTS = YES;
				CLANG_WARN_EMPTY_BODY = YES;
				CLANG_WARN_ENUM_CONVERSION = YES;
				CLANG_WARN_INFINITE_RECURSION = YES;
				CLANG_WARN_INT_CONVERSION = YES;
				CLANG_WARN_NON_LITERAL_NULL_CONVERSION = YES;
				CLANG_WARN_OBJC_IMPLICIT_RETAIN_SELF = YES;
				CLANG_WARN_OBJC_LITERAL_CONVERSION = YES;
				CLANG_WARN_OBJC_ROOT_CLASS = YES_ERROR;
				CLANG_WARN_QUOTED_INCLUDE_IN_FRAMEWORK_HEADER = YES;
				CLANG_WARN_RANGE_LOOP_ANALYSIS = YES;
				CLANG_WARN_STRICT_PROTOTYPES = YES;
				CLANG_WARN_SUSPICIOUS_MOVE = YES;
				CLANG_WARN_UNGUARDED_AVAILABILITY = YES_AGGRESSIVE;
				CLANG_WARN_UNREACHABLE_CODE = YES;
				CLANG_WARN__DUPLICATE_METHOD_MATCH = YES;
				COPY_PHASE_STRIP = NO;
				DEBUG_INFORMATION_FORMAT = "dwarf-with-dsym";
				ENABLE_NS_ASSERTIONS = NO;
				ENABLE_STRICT_OBJC_MSGSEND = YES;
				GCC_C_LANGUAGE_STANDARD = gnu11;
				GCC_NO_COMMON_BLOCKS = YES;
				GCC_WARN_64_TO_32_BIT_CONVERSION = YES;
				GCC_WARN_ABOUT_RETURN_TYPE = YES_ERROR;
				GCC_WARN_UNDECLARED_SELECTOR = YES;
				GCC_WARN_UNINITIALIZED_AUTOS = YES_AGGRESSIVE;
				GCC_WARN_UNUSED_FUNCTION = YES;
				GCC_WARN_UNUSED_VARIABLE = YES;
				IPHONEOS_DEPLOYMENT_TARGET = 15.5;
				MTL_ENABLE_DEBUG_INFO = NO;
				MTL_FAST_MATH = YES;
				SDKROOT = iphoneos;
				SWIFT_COMPILATION_MODE = wholemodule;
				SWIFT_OPTIMIZATION_LEVEL = "-O";
				VALIDATE_PRODUCT = YES;
			};
			name = Release;
		};
		B220F5E928A17A6A005BCB18 /* Debug */ = {
			isa = XCBuildConfiguration;
			buildSettings = {
				ASSETCATALOG_COMPILER_APPICON_NAME = AppIcon;
				ASSETCATALOG_COMPILER_GLOBAL_ACCENT_COLOR_NAME = AccentColor;
				CODE_SIGN_STYLE = Automatic;
				CURRENT_PROJECT_VERSION = 1;
				DEVELOPMENT_TEAM = QX86TT8FA7;
				GENERATE_INFOPLIST_FILE = YES;
				INFOPLIST_FILE = Noted/Info.plist;
				INFOPLIST_KEY_UIApplicationSupportsIndirectInputEvents = YES;
				INFOPLIST_KEY_UILaunchStoryboardName = LaunchScreen;
				INFOPLIST_KEY_UIMainStoryboardFile = Main;
				INFOPLIST_KEY_UISupportedInterfaceOrientations_iPad = "UIInterfaceOrientationPortrait UIInterfaceOrientationPortraitUpsideDown UIInterfaceOrientationLandscapeLeft UIInterfaceOrientationLandscapeRight";
				INFOPLIST_KEY_UISupportedInterfaceOrientations_iPhone = "UIInterfaceOrientationPortrait UIInterfaceOrientationLandscapeLeft UIInterfaceOrientationLandscapeRight";
				IPHONEOS_DEPLOYMENT_TARGET = 16.0;
				LD_RUNPATH_SEARCH_PATHS = (
					"$(inherited)",
					"@executable_path/Frameworks",
				);
				MARKETING_VERSION = 1.0;
				PRODUCT_BUNDLE_IDENTIFIER = com.stephanieliew.Noted;
				PRODUCT_NAME = "$(TARGET_NAME)";
				SWIFT_EMIT_LOC_STRINGS = YES;
				SWIFT_VERSION = 5.0;
				TARGETED_DEVICE_FAMILY = "1,2";
			};
			name = Debug;
		};
		B220F5EA28A17A6A005BCB18 /* Release */ = {
			isa = XCBuildConfiguration;
			buildSettings = {
				ASSETCATALOG_COMPILER_APPICON_NAME = AppIcon;
				ASSETCATALOG_COMPILER_GLOBAL_ACCENT_COLOR_NAME = AccentColor;
				CODE_SIGN_STYLE = Automatic;
				CURRENT_PROJECT_VERSION = 1;
				DEVELOPMENT_TEAM = QX86TT8FA7;
				GENERATE_INFOPLIST_FILE = YES;
				INFOPLIST_FILE = Noted/Info.plist;
				INFOPLIST_KEY_UIApplicationSupportsIndirectInputEvents = YES;
				INFOPLIST_KEY_UILaunchStoryboardName = LaunchScreen;
				INFOPLIST_KEY_UIMainStoryboardFile = Main;
				INFOPLIST_KEY_UISupportedInterfaceOrientations_iPad = "UIInterfaceOrientationPortrait UIInterfaceOrientationPortraitUpsideDown UIInterfaceOrientationLandscapeLeft UIInterfaceOrientationLandscapeRight";
				INFOPLIST_KEY_UISupportedInterfaceOrientations_iPhone = "UIInterfaceOrientationPortrait UIInterfaceOrientationLandscapeLeft UIInterfaceOrientationLandscapeRight";
				IPHONEOS_DEPLOYMENT_TARGET = 16.0;
				LD_RUNPATH_SEARCH_PATHS = (
					"$(inherited)",
					"@executable_path/Frameworks",
				);
				MARKETING_VERSION = 1.0;
				PRODUCT_BUNDLE_IDENTIFIER = com.stephanieliew.Noted;
				PRODUCT_NAME = "$(TARGET_NAME)";
				SWIFT_EMIT_LOC_STRINGS = YES;
				SWIFT_VERSION = 5.0;
				TARGETED_DEVICE_FAMILY = "1,2";
			};
			name = Release;
		};
/* End XCBuildConfiguration section */

/* Begin XCConfigurationList section */
		B220F5CC28A17A69005BCB18 /* Build configuration list for PBXProject "Noted" */ = {
			isa = XCConfigurationList;
			buildConfigurations = (
				B220F5E628A17A6A005BCB18 /* Debug */,
				B220F5E728A17A6A005BCB18 /* Release */,
			);
			defaultConfigurationIsVisible = 0;
			defaultConfigurationName = Release;
		};
		B220F5E828A17A6A005BCB18 /* Build configuration list for PBXNativeTarget "Noted" */ = {
			isa = XCConfigurationList;
			buildConfigurations = (
				B220F5E928A17A6A005BCB18 /* Debug */,
				B220F5EA28A17A6A005BCB18 /* Release */,
			);
			defaultConfigurationIsVisible = 0;
			defaultConfigurationName = Release;
		};
/* End XCConfigurationList section */

/* Begin XCVersionGroup section */
		B220F5DD28A17A69005BCB18 /* Noted.xcdatamodeld */ = {
			isa = XCVersionGroup;
			children = (
				B220F5DE28A17A6A005BCB18 /* Noted.xcdatamodel */,
			);
			currentVersion = B220F5DE28A17A6A005BCB18 /* Noted.xcdatamodel */;
			path = Noted.xcdatamodeld;
			sourceTree = "<group>";
			versionGroupType = wrapper.xcdatamodel;
		};
/* End XCVersionGroup section */
	};
	rootObject = B220F5C928A17A69005BCB18 /* Project object */;
}
